
Microsoft Visual Studio Solution File, Format Version 10.00
# Visual Studio 2008
Project("{8BC9CEB8-8B4A-11D0-8D11-00A0C91BC942}") = "libMDU", "libMDU\libMDU.vcproj", "{13FE8C33-220F-4E1A-A473-1CD53C8E0BCB}"
EndProject
Project("{8BC9CEB8-8B4A-11D0-8D11-00A0C91BC942}") = "dar", "dar\dar.vcproj", "{DFE3B4A8-9D14-4F82-ACB9-855C80805A00}"
	ProjectSection(ProjectDependencies) = postProject
		{13FE8C33-220F-4E1A-A473-1CD53C8E0BCB} = {13FE8C33-220F-4E1A-A473-1CD53C8E0BCB}
	EndProjectSection
EndProject
Project("{8BC9CEB8-8B4A-11D0-8D11-00A0C91BC942}") = "qar", "qar\qar.vcproj", "{8F9DD9D1-91E2-42E6-B42E-22B0AA02E7A0}"
EndProject
Project("{8BC9CEB8-8B4A-11D0-8D11-00A0C91BC942}") = "maketri", "maketri\maketri.vcproj", "{9B518FC6-EC25-4DF5-A8B0-08B75B0709D5}"
EndProject
Project("{8BC9CEB8-8B4A-11D0-8D11-00A0C91BC942}") = "dataextract", "dataextract\dataextract.vcproj", "{7FAEEFF2-F753-4D00-9585-01EBEE6F3236}"
	ProjectSection(ProjectDependencies) = postProject
		{5239F10F-B993-4CD6-A2F5-0217C33B46EB} = {5239F10F-B993-4CD6-A2F5-0217C33B46EB}
	EndProjectSection
EndProject
Project("{8BC9CEB8-8B4A-11D0-8D11-00A0C91BC942}") = "zlibdec", "..\mgs2x\module\zlibdec\zlibdec.vcproj", "{5239F10F-B993-4CD6-A2F5-0217C33B46EB}"
EndProject
Project("{8BC9CEB8-8B4A-11D0-8D11-00A0C91BC942}") = "mkcdimg", "mkcdimg\mkcdimg.vcproj", "{C58E8B09-E422-4748-B4C0-4E3682D5C562}"
	ProjectSection(ProjectDependencies) = postProject
		{5239F10F-B993-4CD6-A2F5-0217C33B46EB} = {5239F10F-B993-4CD6-A2F5-0217C33B46EB}
	EndProjectSection
EndProject
Project("{8BC9CEB8-8B4A-11D0-8D11-00A0C91BC942}") = "kms2obj", "kms2obj\kms2obj.vcproj", "{5DFA29ED-676E-4169-9480-11BEEDF3D6EA}"
	ProjectSection(ProjectDependencies) = postProject
		{13FE8C33-220F-4E1A-A473-1CD53C8E0BCB} = {13FE8C33-220F-4E1A-A473-1CD53C8E0BCB}
	EndProjectSection
EndProject
Project("{FAE04EC0-301F-11D3-BF4B-00C04F79EFBC}") = "tri_tool", "tri_tool\tri_tool.csproj", "{F985DC29-A7CB-44ED-8279-F83C4AFEEC69}"
EndProject
Project("{8BC9CEB8-8B4A-11D0-8D11-00A0C91BC942}") = "id_scan", "id_scan\id_scan.vcproj", "{72E26DAB-7273-43CC-AF0F-6325AD8A5B0F}"
	ProjectSection(ProjectDependencies) = postProject
		{13FE8C33-220F-4E1A-A473-1CD53C8E0BCB} = {13FE8C33-220F-4E1A-A473-1CD53C8E0BCB}
	EndProjectSection
EndProject
Global
	GlobalSection(SolutionConfigurationPlatforms) = preSolution
		Debug|Any CPU = Debug|Any CPU
		Debug|Mixed Platforms = Debug|Mixed Platforms
		Debug|Win32 = Debug|Win32
		Release|Any CPU = Release|Any CPU
		Release|Mixed Platforms = Release|Mixed Platforms
		Release|Win32 = Release|Win32
	EndGlobalSection
	GlobalSection(ProjectConfigurationPlatforms) = postSolution
		{13FE8C33-220F-4E1A-A473-1CD53C8E0BCB}.Debug|Any CPU.ActiveCfg = Debug|Win32
		{13FE8C33-220F-4E1A-A473-1CD53C8E0BCB}.Debug|Mixed Platforms.ActiveCfg = Debug|Win32
		{13FE8C33-220F-4E1A-A473-1CD53C8E0BCB}.Debug|Mixed Platforms.Build.0 = Debug|Win32
		{13FE8C33-220F-4E1A-A473-1CD53C8E0BCB}.Debug|Win32.ActiveCfg = Debug|Win32
		{13FE8C33-220F-4E1A-A473-1CD53C8E0BCB}.Debug|Win32.Build.0 = Debug|Win32
		{13FE8C33-220F-4E1A-A473-1CD53C8E0BCB}.Release|Any CPU.ActiveCfg = Release|Win32
		{13FE8C33-220F-4E1A-A473-1CD53C8E0BCB}.Release|Mixed Platforms.ActiveCfg = Release|Win32
		{13FE8C33-220F-4E1A-A473-1CD53C8E0BCB}.Release|Mixed Platforms.Build.0 = Release|Win32
		{13FE8C33-220F-4E1A-A473-1CD53C8E0BCB}.Release|Win32.ActiveCfg = Release|Win32
		{13FE8C33-220F-4E1A-A473-1CD53C8E0BCB}.Release|Win32.Build.0 = Release|Win32
		{DFE3B4A8-9D14-4F82-ACB9-855C80805A00}.Debug|Any CPU.ActiveCfg = Debug|Win32
		{DFE3B4A8-9D14-4F82-ACB9-855C80805A00}.Debug|Mixed Platforms.ActiveCfg = Debug|Win32
		{DFE3B4A8-9D14-4F82-ACB9-855C80805A00}.Debug|Mixed Platforms.Build.0 = Debug|Win32
		{DFE3B4A8-9D14-4F82-ACB9-855C80805A00}.Debug|Win32.ActiveCfg = Debug|Win32
		{DFE3B4A8-9D14-4F82-ACB9-855C80805A00}.Debug|Win32.Build.0 = Debug|Win32
		{DFE3B4A8-9D14-4F82-ACB9-855C80805A00}.Release|Any CPU.ActiveCfg = Release|Win32
		{DFE3B4A8-9D14-4F82-ACB9-855C80805A00}.Release|Mixed Platforms.ActiveCfg = Release|Win32
		{DFE3B4A8-9D14-4F82-ACB9-855C80805A00}.Release|Mixed Platforms.Build.0 = Release|Win32
		{DFE3B4A8-9D14-4F82-ACB9-855C80805A00}.Release|Win32.ActiveCfg = Release|Win32
		{DFE3B4A8-9D14-4F82-ACB9-855C80805A00}.Release|Win32.Build.0 = Release|Win32
		{8F9DD9D1-91E2-42E6-B42E-22B0AA02E7A0}.Debug|Any CPU.ActiveCfg = Debug|Win32
		{8F9DD9D1-91E2-42E6-B42E-22B0AA02E7A0}.Debug|Mixed Platforms.ActiveCfg = Debug|Win32
		{8F9DD9D1-91E2-42E6-B42E-22B0AA02E7A0}.Debug|Mixed Platforms.Build.0 = Debug|Win32
		{8F9DD9D1-91E2-42E6-B42E-22B0AA02E7A0}.Debug|Win32.ActiveCfg = Debug|Win32
		{8F9DD9D1-91E2-42E6-B42E-22B0AA02E7A0}.Debug|Win32.Build.0 = Debug|Win32
		{8F9DD9D1-91E2-42E6-B42E-22B0AA02E7A0}.Release|Any CPU.ActiveCfg = Release|Win32
		{8F9DD9D1-91E2-42E6-B42E-22B0AA02E7A0}.Release|Mixed Platforms.ActiveCfg = Release|Win32
		{8F9DD9D1-91E2-42E6-B42E-22B0AA02E7A0}.Release|Mixed Platforms.Build.0 = Release|Win32
		{8F9DD9D1-91E2-42E6-B42E-22B0AA02E7A0}.Release|Win32.ActiveCfg = Release|Win32
		{8F9DD9D1-91E2-42E6-B42E-22B0AA02E7A0}.Release|Win32.Build.0 = Release|Win32
		{9B518FC6-EC25-4DF5-A8B0-08B75B0709D5}.Debug|Any CPU.ActiveCfg = Debug|Win32
		{9B518FC6-EC25-4DF5-A8B0-08B75B0709D5}.Debug|Mixed Platforms.ActiveCfg = Debug|Win32
		{9B518FC6-EC25-4DF5-A8B0-08B75B0709D5}.Debug|Mixed Platforms.Build.0 = Debug|Win32
		{9B518FC6-EC25-4DF5-A8B0-08B75B0709D5}.Debug|Win32.ActiveCfg = Debug|Win32
		{9B518FC6-EC25-4DF5-A8B0-08B75B0709D5}.Debug|Win32.Build.0 = Debug|Win32
		{9B518FC6-EC25-4DF5-A8B0-08B75B0709D5}.Release|Any CPU.ActiveCfg = Release|Win32
		{9B518FC6-EC25-4DF5-A8B0-08B75B0709D5}.Release|Mixed Platforms.ActiveCfg = Release|Win32
		{9B518FC6-EC25-4DF5-A8B0-08B75B0709D5}.Release|Mixed Platforms.Build.0 = Release|Win32
		{9B518FC6-EC25-4DF5-A8B0-08B75B0709D5}.Release|Win32.ActiveCfg = Release|Win32
		{9B518FC6-EC25-4DF5-A8B0-08B75B0709D5}.Release|Win32.Build.0 = Release|Win32
		{7FAEEFF2-F753-4D00-9585-01EBEE6F3236}.Debug|Any CPU.ActiveCfg = Debug|Win32
		{7FAEEFF2-F753-4D00-9585-01EBEE6F3236}.Debug|Mixed Platforms.ActiveCfg = Debug|Win32
		{7FAEEFF2-F753-4D00-9585-01EBEE6F3236}.Debug|Mixed Platforms.Build.0 = Debug|Win32
		{7FAEEFF2-F753-4D00-9585-01EBEE6F3236}.Debug|Win32.ActiveCfg = Debug|Win32
		{7FAEEFF2-F753-4D00-9585-01EBEE6F3236}.Debug|Win32.Build.0 = Debug|Win32
		{7FAEEFF2-F753-4D00-9585-01EBEE6F3236}.Release|Any CPU.ActiveCfg = Release|Win32
		{7FAEEFF2-F753-4D00-9585-01EBEE6F3236}.Release|Mixed Platforms.ActiveCfg = Release|Win32
		{7FAEEFF2-F753-4D00-9585-01EBEE6F3236}.Release|Mixed Platforms.Build.0 = Release|Win32
		{7FAEEFF2-F753-4D00-9585-01EBEE6F3236}.Release|Win32.ActiveCfg = Release|Win32
		{7FAEEFF2-F753-4D00-9585-01EBEE6F3236}.Release|Win32.Build.0 = Release|Win32
		{5239F10F-B993-4CD6-A2F5-0217C33B46EB}.Debug|Any CPU.ActiveCfg = Debug|Win32
		{5239F10F-B993-4CD6-A2F5-0217C33B46EB}.Debug|Mixed Platforms.ActiveCfg = Debug|Win32
		{5239F10F-B993-4CD6-A2F5-0217C33B46EB}.Debug|Mixed Platforms.Build.0 = Debug|Win32
		{5239F10F-B993-4CD6-A2F5-0217C33B46EB}.Debug|Win32.ActiveCfg = Debug|Win32
		{5239F10F-B993-4CD6-A2F5-0217C33B46EB}.Debug|Win32.Build.0 = Debug|Win32
		{5239F10F-B993-4CD6-A2F5-0217C33B46EB}.Release|Any CPU.ActiveCfg = Release|Win32
		{5239F10F-B993-4CD6-A2F5-0217C33B46EB}.Release|Mixed Platforms.ActiveCfg = Release|Win32
		{5239F10F-B993-4CD6-A2F5-0217C33B46EB}.Release|Mixed Platforms.Build.0 = Release|Win32
		{5239F10F-B993-4CD6-A2F5-0217C33B46EB}.Release|Win32.ActiveCfg = Release|Win32
		{5239F10F-B993-4CD6-A2F5-0217C33B46EB}.Release|Win32.Build.0 = Release|Win32
		{C58E8B09-E422-4748-B4C0-4E3682D5C562}.Debug|Any CPU.ActiveCfg = Debug|Win32
		{C58E8B09-E422-4748-B4C0-4E3682D5C562}.Debug|Mixed Platforms.ActiveCfg = Debug|Win32
		{C58E8B09-E422-4748-B4C0-4E3682D5C562}.Debug|Mixed Platforms.Build.0 = Debug|Win32
		{C58E8B09-E422-4748-B4C0-4E3682D5C562}.Debug|Win32.ActiveCfg = Debug|Win32
		{C58E8B09-E422-4748-B4C0-4E3682D5C562}.Debug|Win32.Build.0 = Debug|Win32
		{C58E8B09-E422-4748-B4C0-4E3682D5C562}.Release|Any CPU.ActiveCfg = Release|Win32
		{C58E8B09-E422-4748-B4C0-4E3682D5C562}.Release|Mixed Platforms.ActiveCfg = Release|Win32
		{C58E8B09-E422-4748-B4C0-4E3682D5C562}.Release|Mixed Platforms.Build.0 = Release|Win32
		{C58E8B09-E422-4748-B4C0-4E3682D5C562}.Release|Win32.ActiveCfg = Release|Win32
		{C58E8B09-E422-4748-B4C0-4E3682D5C562}.Release|Win32.Build.0 = Release|Win32
		{5DFA29ED-676E-4169-9480-11BEEDF3D6EA}.Debug|Any CPU.ActiveCfg = Debug|Win32
		{5DFA29ED-676E-4169-9480-11BEEDF3D6EA}.Debug|Mixed Platforms.ActiveCfg = Debug|Win32
		{5DFA29ED-676E-4169-9480-11BEEDF3D6EA}.Debug|Mixed Platforms.Build.0 = Debug|Win32
		{5DFA29ED-676E-4169-9480-11BEEDF3D6EA}.Debug|Win32.ActiveCfg = Debug|Win32
		{5DFA29ED-676E-4169-9480-11BEEDF3D6EA}.Debug|Win32.Build.0 = Debug|Win32
		{5DFA29ED-676E-4169-9480-11BEEDF3D6EA}.Release|Any CPU.ActiveCfg = Release|Win32
		{5DFA29ED-676E-4169-9480-11BEEDF3D6EA}.Release|Mixed Platforms.ActiveCfg = Release|Win32
		{5DFA29ED-676E-4169-9480-11BEEDF3D6EA}.Release|Mixed Platforms.Build.0 = Release|Win32
		{5DFA29ED-676E-4169-9480-11BEEDF3D6EA}.Release|Win32.ActiveCfg = Release|Win32
		{5DFA29ED-676E-4169-9480-11BEEDF3D6EA}.Release|Win32.Build.0 = Release|Win32
		{F985DC29-A7CB-44ED-8279-F83C4AFEEC69}.Debug|Any CPU.ActiveCfg = Debug|Any CPU
		{F985DC29-A7CB-44ED-8279-F83C4AFEEC69}.Debug|Any CPU.Build.0 = Debug|Any CPU
		{F985DC29-A7CB-44ED-8279-F83C4AFEEC69}.Debug|Mixed Platforms.ActiveCfg = Debug|Any CPU
		{F985DC29-A7CB-44ED-8279-F83C4AFEEC69}.Debug|Mixed Platforms.Build.0 = Debug|Any CPU
		{F985DC29-A7CB-44ED-8279-F83C4AFEEC69}.Debug|Win32.ActiveCfg = Debug|Any CPU
		{F985DC29-A7CB-44ED-8279-F83C4AFEEC69}.Release|Any CPU.ActiveCfg = Release|Any CPU
		{F985DC29-A7CB-44ED-8279-F83C4AFEEC69}.Release|Any CPU.Build.0 = Release|Any CPU
		{F985DC29-A7CB-44ED-8279-F83C4AFEEC69}.Release|Mixed Platforms.ActiveCfg = Release|Any CPU
		{F985DC29-A7CB-44ED-8279-F83C4AFEEC69}.Release|Mixed Platforms.Build.0 = Release|Any CPU
		{F985DC29-A7CB-44ED-8279-F83C4AFEEC69}.Release|Win32.ActiveCfg = Release|Any CPU
		{72E26DAB-7273-43CC-AF0F-6325AD8A5B0F}.Debug|Any CPU.ActiveCfg = Debug|Win32
		{72E26DAB-7273-43CC-AF0F-6325AD8A5B0F}.Debug|Mixed Platforms.ActiveCfg = Debug|Win32
		{72E26DAB-7273-43CC-AF0F-6325AD8A5B0F}.Debug|Mixed Platforms.Build.0 = Debug|Win32
		{72E26DAB-7273-43CC-AF0F-6325AD8A5B0F}.Debug|Win32.ActiveCfg = Debug|Win32
		{72E26DAB-7273-43CC-AF0F-6325AD8A5B0F}.Debug|Win32.Build.0 = Debug|Win32
		{72E26DAB-7273-43CC-AF0F-6325AD8A5B0F}.Release|Any CPU.ActiveCfg = Release|Win32
		{72E26DAB-7273-43CC-AF0F-6325AD8A5B0F}.Release|Mixed Platforms.ActiveCfg = Release|Win32
		{72E26DAB-7273-43CC-AF0F-6325AD8A5B0F}.Release|Mixed Platforms.Build.0 = Release|Win32
		{72E26DAB-7273-43CC-AF0F-6325AD8A5B0F}.Release|Win32.ActiveCfg = Release|Win32
		{72E26DAB-7273-43CC-AF0F-6325AD8A5B0F}.Release|Win32.Build.0 = Release|Win32
	EndGlobalSection
	GlobalSection(SolutionProperties) = preSolution
		HideSolutionNode = FALSE
	EndGlobalSection
EndGlobal
