Microsoft Visual Studio Solution File, Format Version 9.00
# Visual Studio 2005
Project("{8BC9CEB8-8B4A-11D0-8D11-00A0C91BC942}") = "geom-sample", "geom-sample.vcproj", "{7A9B86D3-2440-4DDB-9FD4-8EA09FB22F23}"
	ProjectSection(ProjectDependencies) = postProject
		{752BE45B-B89B-467E-8736-2881A95E5AF9} = {752BE45B-B89B-467E-8736-2881A95E5AF9}
		{D80209B5-FF9E-4607-945D-C7148D0BE812} = {D80209B5-FF9E-4607-945D-C7148D0BE812}
	EndProjectSection
EndProject
Project("{8BC9CEB8-8B4A-11D0-8D11-00A0C91BC942}") = "edgegeom_spu", "..\..\..\target\spu\src\edge\geom\edgegeom_spu.vcproj", "{3771E822-9BA9-4FE5-9B40-7B4F2C524B0B}"
EndProject
Project("{8BC9CEB8-8B4A-11D0-8D11-00A0C91BC942}") = "job_geom", "spu\job_geom.vcproj", "{3495967C-2EDB-4752-90E9-911914AD235D}"
	ProjectSection(ProjectDependencies) = postProject
		{3771E822-9BA9-4FE5-9B40-7B4F2C524B0B} = {3771E822-9BA9-4FE5-9B40-7B4F2C524B0B}
	EndProjectSection
EndProject
Project("{8BC9CEB8-8B4A-11D0-8D11-00A0C91BC942}") = "spu_code", "spu_code.vcproj", "{D80209B5-FF9E-4607-945D-C7148D0BE812}"
	ProjectSection(ProjectDependencies) = postProject
		{3495967C-2EDB-4752-90E9-911914AD235D} = {3495967C-2EDB-4752-90E9-911914AD235D}
	EndProjectSection
EndProject
Project("{8BC9CEB8-8B4A-11D0-8D11-00A0C91BC942}") = "job_send_event", "..\common\spu\job_send_event.vcproj", "{752BE45B-B89B-467E-8736-2881A95E5AF9}"
EndProject
Global
	GlobalSection(SolutionConfigurationPlatforms) = preSolution
		PS3 Debug|Win32 = PS3 Debug|Win32
		PS3 Release|Win32 = PS3 Release|Win32
	EndGlobalSection
	GlobalSection(ProjectConfigurationPlatforms) = postSolution
		{7A9B86D3-2440-4DDB-9FD4-8EA09FB22F23}.PS3 Debug|Win32.ActiveCfg = PS3 Debug|Win32
		{7A9B86D3-2440-4DDB-9FD4-8EA09FB22F23}.PS3 Debug|Win32.Build.0 = PS3 Debug|Win32
		{7A9B86D3-2440-4DDB-9FD4-8EA09FB22F23}.PS3 Release|Win32.ActiveCfg = PS3 Release|Win32
		{7A9B86D3-2440-4DDB-9FD4-8EA09FB22F23}.PS3 Release|Win32.Build.0 = PS3 Release|Win32
		{3771E822-9BA9-4FE5-9B40-7B4F2C524B0B}.PS3 Debug|Win32.ActiveCfg = PS3 Debug|Win32
		{3771E822-9BA9-4FE5-9B40-7B4F2C524B0B}.PS3 Debug|Win32.Build.0 = PS3 Debug|Win32
		{3771E822-9BA9-4FE5-9B40-7B4F2C524B0B}.PS3 Release|Win32.ActiveCfg = PS3 Release|Win32
		{3771E822-9BA9-4FE5-9B40-7B4F2C524B0B}.PS3 Release|Win32.Build.0 = PS3 Release|Win32
		{3495967C-2EDB-4752-90E9-911914AD235D}.PS3 Debug|Win32.ActiveCfg = PS3 Debug|Win32
		{3495967C-2EDB-4752-90E9-911914AD235D}.PS3 Debug|Win32.Build.0 = PS3 Debug|Win32
		{3495967C-2EDB-4752-90E9-911914AD235D}.PS3 Release|Win32.ActiveCfg = PS3 Release|Win32
		{3495967C-2EDB-4752-90E9-911914AD235D}.PS3 Release|Win32.Build.0 = PS3 Release|Win32
		{D80209B5-FF9E-4607-945D-C7148D0BE812}.PS3 Debug|Win32.ActiveCfg = PS3 Debug|Win32
		{D80209B5-FF9E-4607-945D-C7148D0BE812}.PS3 Debug|Win32.Build.0 = PS3 Debug|Win32
		{D80209B5-FF9E-4607-945D-C7148D0BE812}.PS3 Release|Win32.ActiveCfg = PS3 Release|Win32
		{D80209B5-FF9E-4607-945D-C7148D0BE812}.PS3 Release|Win32.Build.0 = PS3 Release|Win32
		{752BE45B-B89B-467E-8736-2881A95E5AF9}.PS3 Debug|Win32.ActiveCfg = PS3 Debug|Win32
		{752BE45B-B89B-467E-8736-2881A95E5AF9}.PS3 Debug|Win32.Build.0 = PS3 Debug|Win32
		{752BE45B-B89B-467E-8736-2881A95E5AF9}.PS3 Release|Win32.ActiveCfg = PS3 Release|Win32
		{752BE45B-B89B-467E-8736-2881A95E5AF9}.PS3 Release|Win32.Build.0 = PS3 Release|Win32
	EndGlobalSection
	GlobalSection(SolutionProperties) = preSolution
		HideSolutionNode = FALSE
	EndGlobalSection
EndGlobal
